// !$*UTF8*$!
{
	archiveVersion = 1;
	classes = {
	};
	objectVersion = 46;
	objects = {

/* Begin PBXBuildFile section */
		C6975BB919F43CFE00D0E171 /* AppDelegate.swift in Sources */ = {isa = PBXBuildFile; fileRef = C6975BB819F43CFE00D0E171 /* AppDelegate.swift */; };
		C6975BBB19F43CFE00D0E171 /* ViewController.swift in Sources */ = {isa = PBXBuildFile; fileRef = C6975BBA19F43CFE00D0E171 /* ViewController.swift */; };
		C6975BBE19F43CFE00D0E171 /* Main.storyboard in Resources */ = {isa = PBXBuildFile; fileRef = C6975BBC19F43CFE00D0E171 /* Main.storyboard */; };
		C6975BC019F43CFE00D0E171 /* Images.xcassets in Resources */ = {isa = PBXBuildFile; fileRef = C6975BBF19F43CFE00D0E171 /* Images.xcassets */; };
		C6975BC319F43CFE00D0E171 /* LaunchScreen.xib in Resources */ = {isa = PBXBuildFile; fileRef = C6975BC119F43CFE00D0E171 /* LaunchScreen.xib */; };
		C6975BCF19F43CFE00D0E171 /* _9RedBalloonsTests.swift in Sources */ = {isa = PBXBuildFile; fileRef = C6975BCE19F43CFE00D0E171 /* _9RedBalloonsTests.swift */; };
		C6975BDE19F43D3B00D0E171 /* BerlinTVTower.jpg in Resources */ = {isa = PBXBuildFile; fileRef = C6975BD919F43D3B00D0E171 /* BerlinTVTower.jpg */; };
		C6975BDF19F43D3B00D0E171 /* RedBalloon1.jpg in Resources */ = {isa = PBXBuildFile; fileRef = C6975BDA19F43D3B00D0E171 /* RedBalloon1.jpg */; };
		C6975BE019F43D3B00D0E171 /* RedBalloon2.jpg in Resources */ = {isa = PBXBuildFile; fileRef = C6975BDB19F43D3B00D0E171 /* RedBalloon2.jpg */; };
		C6975BE119F43D3B00D0E171 /* RedBalloon3.jpg in Resources */ = {isa = PBXBuildFile; fileRef = C6975BDC19F43D3B00D0E171 /* RedBalloon3.jpg */; };
		C6975BE219F43D3B00D0E171 /* RedBalloon4.jpg in Resources */ = {isa = PBXBuildFile; fileRef = C6975BDD19F43D3B00D0E171 /* RedBalloon4.jpg */; };
		C6975BE619F43F2200D0E171 /* Balloon.swift in Sources */ = {isa = PBXBuildFile; fileRef = C6975BE519F43F2200D0E171 /* Balloon.swift */; };
/* End PBXBuildFile section */

/* Begin PBXContainerItemProxy section */
		C6975BC919F43CFE00D0E171 /* PBXContainerItemProxy */ = {
			isa = PBXContainerItemProxy;
			containerPortal = C6975BAB19F43CFE00D0E171 /* Project object */;
			proxyType = 1;
			remoteGlobalIDString = C6975BB219F43CFE00D0E171;
			remoteInfo = 99RedBalloons;
		};
/* End PBXContainerItemProxy section */

/* Begin PBXFileReference section */
		C6975BB319F43CFE00D0E171 /* 99RedBalloons.app */ = {isa = PBXFileReference; explicitFileType = wrapper.application; includeInIndex = 0; path = 99RedBalloons.app; sourceTree = BUILT_PRODUCTS_DIR; };
		C6975BB719F43CFE00D0E171 /* Info.plist */ = {isa = PBXFileReference; lastKnownFileType = text.plist.xml; path = Info.plist; sourceTree = "<group>"; };
		C6975BB819F43CFE00D0E171 /* AppDelegate.swift */ = {isa = PBXFileReference; lastKnownFileType = sourcecode.swift; path = AppDelegate.swift; sourceTree = "<group>"; };
		C6975BBA19F43CFE00D0E171 /* ViewController.swift */ = {isa = PBXFileReference; lastKnownFileType = sourcecode.swift; path = ViewController.swift; sourceTree = "<group>"; };
		C6975BBD19F43CFE00D0E171 /* Base */ = {isa = PBXFileReference; lastKnownFileType = file.storyboard; name = Base; path = Base.lproj/Main.storyboard; sourceTree = "<group>"; };
		C6975BBF19F43CFE00D0E171 /* Images.xcassets */ = {isa = PBXFileReference; lastKnownFileType = folder.assetcatalog; path = Images.xcassets; sourceTree = "<group>"; };
		C6975BC219F43CFE00D0E171 /* Base */ = {isa = PBXFileReference; lastKnownFileType = file.xib; name = Base; path = Base.lproj/LaunchScreen.xib; sourceTree = "<group>"; };
		C6975BC819F43CFE00D0E171 /* 99RedBalloonsTests.xctest */ = {isa = PBXFileReference; explicitFileType = wrapper.cfbundle; includeInIndex = 0; path = 99RedBalloonsTests.xctest; sourceTree = BUILT_PRODUCTS_DIR; };
		C6975BCD19F43CFE00D0E171 /* Info.plist */ = {isa = PBXFileReference; lastKnownFileType = text.plist.xml; path = Info.plist; sourceTree = "<group>"; };
		C6975BCE19F43CFE00D0E171 /* _9RedBalloonsTests.swift */ = {isa = PBXFileReference; lastKnownFileType = sourcecode.swift; path = _9RedBalloonsTests.swift; sourceTree = "<group>"; };
		C6975BD919F43D3B00D0E171 /* BerlinTVTower.jpg */ = {isa = PBXFileReference; lastKnownFileType = image.jpeg; path = BerlinTVTower.jpg; sourceTree = "<group>"; };
		C6975BDA19F43D3B00D0E171 /* RedBalloon1.jpg */ = {isa = PBXFileReference; lastKnownFileType = image.jpeg; path = RedBalloon1.jpg; sourceTree = "<group>"; };
		C6975BDB19F43D3B00D0E171 /* RedBalloon2.jpg */ = {isa = PBXFileReference; lastKnownFileType = image.jpeg; path = RedBalloon2.jpg; sourceTree = "<group>"; };
		C6975BDC19F43D3B00D0E171 /* RedBalloon3.jpg */ = {isa = PBXFileReference; lastKnownFileType = image.jpeg; path = RedBalloon3.jpg; sourceTree = "<group>"; };
		C6975BDD19F43D3B00D0E171 /* RedBalloon4.jpg */ = {isa = PBXFileReference; lastKnownFileType = image.jpeg; path = RedBalloon4.jpg; sourceTree = "<group>"; };
		C6975BE519F43F2200D0E171 /* Balloon.swift */ = {isa = PBXFileReference; fileEncoding = 4; lastKnownFileType = sourcecode.swift; name = Balloon.swift; path = ../Balloon.swift; sourceTree = "<group>"; };
/* End PBXFileReference section */

/* Begin PBXFrameworksBuildPhase section */
		C6975BB019F43CFE00D0E171 /* Frameworks */ = {
			isa = PBXFrameworksBuildPhase;
			buildActionMask = 2147483647;
			files = (
			);
			runOnlyForDeploymentPostprocessing = 0;
		};
		C6975BC519F43CFE00D0E171 /* Frameworks */ = {
			isa = PBXFrameworksBuildPhase;
			buildActionMask = 2147483647;
			files = (
			);
			runOnlyForDeploymentPostprocessing = 0;
		};
/* End PBXFrameworksBuildPhase section */

/* Begin PBXGroup section */
		C6975BAA19F43CFE00D0E171 = {
			isa = PBXGroup;
			children = (
				C6975BB519F43CFE00D0E171 /* 99RedBalloons */,
				C6975BCB19F43CFE00D0E171 /* 99RedBalloonsTests */,
				C6975BB419F43CFE00D0E171 /* Products */,
			);
			sourceTree = "<group>";
		};
		C6975BB419F43CFE00D0E171 /* Products */ = {
			isa = PBXGroup;
			children = (
				C6975BB319F43CFE00D0E171 /* 99RedBalloons.app */,
				C6975BC819F43CFE00D0E171 /* 99RedBalloonsTests.xctest */,
			);
			name = Products;
			sourceTree = "<group>";
		};
		C6975BB519F43CFE00D0E171 /* 99RedBalloons */ = {
			isa = PBXGroup;
			children = (
				C6975BB819F43CFE00D0E171 /* AppDelegate.swift */,
				C6975BBA19F43CFE00D0E171 /* ViewController.swift */,
				C6975BE519F43F2200D0E171 /* Balloon.swift */,
				C6975BBC19F43CFE00D0E171 /* Main.storyboard */,
				C6975BBF19F43CFE00D0E171 /* Images.xcassets */,
				C6975BC119F43CFE00D0E171 /* LaunchScreen.xib */,
				C6975BB619F43CFE00D0E171 /* Supporting Files */,
			);
			path = 99RedBalloons;
			sourceTree = "<group>";
		};
		C6975BB619F43CFE00D0E171 /* Supporting Files */ = {
			isa = PBXGroup;
			children = (
				C6975BD819F43D3B00D0E171 /* 99RedBalloonsAssets */,
				C6975BB719F43CFE00D0E171 /* Info.plist */,
			);
			name = "Supporting Files";
			sourceTree = "<group>";
		};
		C6975BCB19F43CFE00D0E171 /* 99RedBalloonsTests */ = {
			isa = PBXGroup;
			children = (
				C6975BCE19F43CFE00D0E171 /* _9RedBalloonsTests.swift */,
				C6975BCC19F43CFE00D0E171 /* Supporting Files */,
			);
			path = 99RedBalloonsTests;
			sourceTree = "<group>";
		};
		C6975BCC19F43CFE00D0E171 /* Supporting Files */ = {
			isa = PBXGroup;
			children = (
				C6975BCD19F43CFE00D0E171 /* Info.plist */,
			);
			name = "Supporting Files";
			sourceTree = "<group>";
		};
		C6975BD819F43D3B00D0E171 /* 99RedBalloonsAssets */ = {
			isa = PBXGroup;
			children = (
				C6975BD919F43D3B00D0E171 /* BerlinTVTower.jpg */,
				C6975BDA19F43D3B00D0E171 /* RedBalloon1.jpg */,
				C6975BDB19F43D3B00D0E171 /* RedBalloon2.jpg */,
				C6975BDC19F43D3B00D0E171 /* RedBalloon3.jpg */,
				C6975BDD19F43D3B00D0E171 /* RedBalloon4.jpg */,
			);
			path = 99RedBalloonsAssets;
			sourceTree = "<group>";
		};
/* End PBXGroup section */

/* Begin PBXNativeTarget section */
		C6975BB219F43CFE00D0E171 /* 99RedBalloons */ = {
			isa = PBXNativeTarget;
			buildConfigurationList = C6975BD219F43CFE00D0E171 /* Build configuration list for PBXNativeTarget "99RedBalloons" */;
			buildPhases = (
				C6975BAF19F43CFE00D0E171 /* Sources */,
				C6975BB019F43CFE00D0E171 /* Frameworks */,
				C6975BB119F43CFE00D0E171 /* Resources */,
			);
			buildRules = (
			);
			dependencies = (
			);
			name = 99RedBalloons;
			productName = 99RedBalloons;
			productReference = C6975BB319F43CFE00D0E171 /* 99RedBalloons.app */;
			productType = "com.apple.product-type.application";
		};
		C6975BC719F43CFE00D0E171 /* 99RedBalloonsTests */ = {
			isa = PBXNativeTarget;
			buildConfigurationList = C6975BD519F43CFE00D0E171 /* Build configuration list for PBXNativeTarget "99RedBalloonsTests" */;
			buildPhases = (
				C6975BC419F43CFE00D0E171 /* Sources */,
				C6975BC519F43CFE00D0E171 /* Frameworks */,
				C6975BC619F43CFE00D0E171 /* Resources */,
			);
			buildRules = (
			);
			dependencies = (
				C6975BCA19F43CFE00D0E171 /* PBXTargetDependency */,
			);
			name = 99RedBalloonsTests;
			productName = 99RedBalloonsTests;
			productReference = C6975BC819F43CFE00D0E171 /* 99RedBalloonsTests.xctest */;
			productType = "com.apple.product-type.bundle.unit-test";
		};
/* End PBXNativeTarget section */

/* Begin PBXProject section */
		C6975BAB19F43CFE00D0E171 /* Project object */ = {
			isa = PBXProject;
			attributes = {
				LastUpgradeCheck = 0600;
				ORGANIZATIONNAME = VidWare;
				TargetAttributes = {
					C6975BB219F43CFE00D0E171 = {
						CreatedOnToolsVersion = 6.0.1;
					};
					C6975BC719F43CFE00D0E171 = {
						CreatedOnToolsVersion = 6.0.1;
						TestTargetID = C6975BB219F43CFE00D0E171;
					};
				};
			};
			buildConfigurationList = C6975BAE19F43CFE00D0E171 /* Build configuration list for PBXProject "99RedBalloons" */;
			compatibilityVersion = "Xcode 3.2";
			developmentRegion = English;
			hasScannedForEncodings = 0;
			knownRegions = (
				en,
				Base,
			);
			mainGroup = C6975BAA19F43CFE00D0E171;
			productRefGroup = C6975BB419F43CFE00D0E171 /* Products */;
			projectDirPath = "";
			projectRoot = "";
			targets = (
				C6975BB219F43CFE00D0E171 /* 99RedBalloons */,
				C6975BC719F43CFE00D0E171 /* 99RedBalloonsTests */,
			);
		};
/* End PBXProject section */

/* Begin PBXResourcesBuildPhase section */
		C6975BB119F43CFE00D0E171 /* Resources */ = {
			isa = PBXResourcesBuildPhase;
			buildActionMask = 2147483647;
			files = (
				C6975BE019F43D3B00D0E171 /* RedBalloon2.jpg in Resources */,
				C6975BBE19F43CFE00D0E171 /* Main.storyboard in Resources */,
				C6975BE119F43D3B00D0E171 /* RedBalloon3.jpg in Resources */,
				C6975BC319F43CFE00D0E171 /* LaunchScreen.xib in Resources */,
				C6975BE219F43D3B00D0E171 /* RedBalloon4.jpg in Resources */,
				C6975BC019F43CFE00D0E171 /* Images.xcassets in Resources */,
				C6975BDF19F43D3B00D0E171 /* RedBalloon1.jpg in Resources */,
				C6975BDE19F43D3B00D0E171 /* BerlinTVTower.jpg in Resources */,
			);
			runOnlyForDeploymentPostprocessing = 0;
		};
		C6975BC619F43CFE00D0E171 /* Resources */ = {
			isa = PBXResourcesBuildPhase;
			buildActionMask = 2147483647;
			files = (
			);
			runOnlyForDeploymentPostprocessing = 0;
		};
/* End PBXResourcesBuildPhase section */

/* Begin PBXSourcesBuildPhase section */
		C6975BAF19F43CFE00D0E171 /* Sources */ = {
			isa = PBXSourcesBuildPhase;
			buildActionMask = 2147483647;
			files = (
				C6975BBB19F43CFE00D0E171 /* ViewController.swift in Sources */,
				C6975BE619F43F2200D0E171 /* Balloon.swift in Sources */,
				C6975BB919F43CFE00D0E171 /* AppDelegate.swift in Sources */,
			);
			runOnlyForDeploymentPostprocessing = 0;
		};
		C6975BC419F43CFE00D0E171 /* Sources */ = {
			isa = PBXSourcesBuildPhase;
			buildActionMask = 2147483647;
			files = (
				C6975BCF19F43CFE00D0E171 /* _9RedBalloonsTests.swift in Sources */,
			);
			runOnlyForDeploymentPostprocessing = 0;
		};
/* End PBXSourcesBuildPhase section */

/* Begin PBXTargetDependency section */
		C6975BCA19F43CFE00D0E171 /* PBXTargetDependency */ = {
			isa = PBXTargetDependency;
			target = C6975BB219F43CFE00D0E171 /* 99RedBalloons */;
			targetProxy = C6975BC919F43CFE00D0E171 /* PBXContainerItemProxy */;
		};
/* End PBXTargetDependency section */

/* Begin PBXVariantGroup section */
		C6975BBC19F43CFE00D0E171 /* Main.storyboard */ = {
			isa = PBXVariantGroup;
			children = (
				C6975BBD19F43CFE00D0E171 /* Base */,
			);
			name = Main.storyboard;
			sourceTree = "<group>";
		};
		C6975BC119F43CFE00D0E171 /* LaunchScreen.xib */ = {
			isa = PBXVariantGroup;
			children = (
				C6975BC219F43CFE00D0E171 /* Base */,
			);
			name = LaunchScreen.xib;
			sourceTree = "<group>";
		};
/* End PBXVariantGroup section */

/* Begin XCBuildConfiguration section */
		C6975BD019F43CFE00D0E171 /* Debug */ = {
			isa = XCBuildConfiguration;
			buildSettings = {
				ALWAYS_SEARCH_USER_PATHS = NO;
				CLANG_CXX_LANGUAGE_STANDARD = "gnu++0x";
				CLANG_CXX_LIBRARY = "libc++";
				CLANG_ENABLE_MODULES = YES;
				CLANG_ENABLE_OBJC_ARC = YES;
				CLANG_WARN_BOOL_CONVERSION = YES;
				CLANG_WARN_CONSTANT_CONVERSION = YES;
				CLANG_WARN_DIRECT_OBJC_ISA_USAGE = YES_ERROR;
				CLANG_WARN_EMPTY_BODY = YES;
				CLANG_WARN_ENUM_CONVERSION = YES;
				CLANG_WARN_INT_CONVERSION = YES;
				CLANG_WARN_OBJC_ROOT_CLASS = YES_ERROR;
				CLANG_WARN_UNREACHABLE_CODE = YES;
				CLANG_WARN__DUPLICATE_METHOD_MATCH = YES;
				"CODE_SIGN_IDENTITY[sdk=iphoneos*]" = "iPhone Developer";
				COPY_PHASE_STRIP = NO;
				ENABLE_STRICT_OBJC_MSGSEND = YES;
				GCC_C_LANGUAGE_STANDARD = gnu99;
				GCC_DYNAMIC_NO_PIC = NO;
				GCC_OPTIMIZATION_LEVEL = 0;
				GCC_PREPROCESSOR_DEFINITIONS = (
					"DEBUG=1",
					"$(inherited)",
				);
				GCC_SYMBOLS_PRIVATE_EXTERN = NO;
				GCC_WARN_64_TO_32_BIT_CONVERSION = YES;
				GCC_WARN_ABOUT_RETURN_TYPE = YES_ERROR;
				GCC_WARN_UNDECLARED_SELECTOR = YES;
				GCC_WARN_UNINITIALIZED_AUTOS = YES_AGGRESSIVE;
				GCC_WARN_UNUSED_FUNCTION = YES;
				GCC_WARN_UNUSED_VARIABLE = YES;
				IPHONEOS_DEPLOYMENT_TARGET = 8.0;
				MTL_ENABLE_DEBUG_INFO = YES;
				ONLY_ACTIVE_ARCH = YES;
				SDKROOT = iphoneos;
				SWIFT_OPTIMIZATION_LEVEL = "-Onone";
				TARGETED_DEVICE_FAMILY = "1,2";
			};
			name = Debug;
		};
		C6975BD119F43CFE00D0E171 /* Release */ = {
			isa = XCBuildConfiguration;
			buildSettings = {
				ALWAYS_SEARCH_USER_PATHS = NO;
				CLANG_CXX_LANGUAGE_STANDARD = "gnu++0x";
				CLANG_CXX_LIBRARY = "libc++";
				CLANG_ENABLE_MODULES = YES;
				CLANG_ENABLE_OBJC_ARC = YES;
				CLANG_WARN_BOOL_CONVERSION = YES;
				CLANG_WARN_CONSTANT_CONVERSION = YES;
				CLANG_WARN_DIRECT_OBJC_ISA_USAGE = YES_ERROR;
				CLANG_WARN_EMPTY_BODY = YES;
				CLANG_WARN_ENUM_CONVERSION = YES;
				CLANG_WARN_INT_CONVERSION = YES;
				CLANG_WARN_OBJC_ROOT_CLASS = YES_ERROR;
				CLANG_WARN_UNREACHABLE_CODE = YES;
				CLANG_WARN__DUPLICATE_METHOD_MATCH = YES;
				"CODE_SIGN_IDENTITY[sdk=iphoneos*]" = "iPhone Developer";
				COPY_PHASE_STRIP = YES;
				ENABLE_NS_ASSERTIONS = NO;
				ENABLE_STRICT_OBJC_MSGSEND = YES;
				GCC_C_LANGUAGE_STANDARD = gnu99;
				GCC_WARN_64_TO_32_BIT_CONVERSION = YES;
				GCC_WARN_ABOUT_RETURN_TYPE = YES_ERROR;
				GCC_WARN_UNDECLARED_SELECTOR = YES;
				GCC_WARN_UNINITIALIZED_AUTOS = YES_AGGRESSIVE;
				GCC_WARN_UNUSED_FUNCTION = YES;
				GCC_WARN_UNUSED_VARIABLE = YES;
				IPHONEOS_DEPLOYMENT_TARGET = 8.0;
				MTL_ENABLE_DEBUG_INFO = NO;
				SDKROOT = iphoneos;
				TARGETED_DEVICE_FAMILY = "1,2";
				VALIDATE_PRODUCT = YES;
			};
			name = Release;
		};
		C6975BD319F43CFE00D0E171 /* Debug */ = {
			isa = XCBuildConfiguration;
			buildSettings = {
				ASSETCATALOG_COMPILER_APPICON_NAME = AppIcon;
				INFOPLIST_FILE = 99RedBalloons/Info.plist;
				LD_RUNPATH_SEARCH_PATHS = "$(inherited) @executable_path/Frameworks";
				PRODUCT_NAME = "$(TARGET_NAME)";
			};
			name = Debug;
		};
		C6975BD419F43CFE00D0E171 /* Release */ = {
			isa = XCBuildConfiguration;
			buildSettings = {
				ASSETCATALOG_COMPILER_APPICON_NAME = AppIcon;
				INFOPLIST_FILE = 99RedBalloons/Info.plist;
				LD_RUNPATH_SEARCH_PATHS = "$(inherited) @executable_path/Frameworks";
				PRODUCT_NAME = "$(TARGET_NAME)";
			};
			name = Release;
		};
		C6975BD619F43CFE00D0E171 /* Debug */ = {
			isa = XCBuildConfiguration;
			buildSettings = {
				BUNDLE_LOADER = "$(TEST_HOST)";
				FRAMEWORK_SEARCH_PATHS = (
					"$(SDKROOT)/Developer/Library/Frameworks",
					"$(inherited)",
				);
				GCC_PREPROCESSOR_DEFINITIONS = (
					"DEBUG=1",
					"$(inherited)",
				);
				INFOPLIST_FILE = 99RedBalloonsTests/Info.plist;
				LD_RUNPATH_SEARCH_PATHS = "$(inherited) @executable_path/Frameworks @loader_path/Frameworks";
				PRODUCT_NAME = "$(TARGET_NAME)";
				TEST_HOST = "$(BUILT_PRODUCTS_DIR)/99RedBalloons.app/99RedBalloons";
			};
			name = Debug;
		};
		C6975BD719F43CFE00D0E171 /* Release */ = {
			isa = XCBuildConfiguration;
			buildSettings = {
				BUNDLE_LOADER = "$(TEST_HOST)";
				FRAMEWORK_SEARCH_PATHS = (
					"$(SDKROOT)/Developer/Library/Frameworks",
					"$(inherited)",
				);
				INFOPLIST_FILE = 99RedBalloonsTests/Info.plist;
				LD_RUNPATH_SEARCH_PATHS = "$(inherited) @executable_path/Frameworks @loader_path/Frameworks";
				PRODUCT_NAME = "$(TARGET_NAME)";
				TEST_HOST = "$(BUILT_PRODUCTS_DIR)/99RedBalloons.app/99RedBalloons";
			};
			name = Release;
		};
/* End XCBuildConfiguration section */

/* Begin XCConfigurationList section */
		C6975BAE19F43CFE00D0E171 /* Build configuration list for PBXProject "99RedBalloons" */ = {
			isa = XCConfigurationList;
			buildConfigurations = (
				C6975BD019F43CFE00D0E171 /* Debug */,
				C6975BD119F43CFE00D0E171 /* Release */,
			);
			defaultConfigurationIsVisible = 0;
			defaultConfigurationName = Release;
		};
		C6975BD219F43CFE00D0E171 /* Build configuration list for PBXNativeTarget "99RedBalloons" */ = {
			isa = XCConfigurationList;
			buildConfigurations = (
				C6975BD319F43CFE00D0E171 /* Debug */,
				C6975BD419F43CFE00D0E171 /* Release */,
			);
			defaultConfigurationIsVisible = 0;
		};
		C6975BD519F43CFE00D0E171 /* Build configuration list for PBXNativeTarget "99RedBalloonsTests" */ = {
			isa = XCConfigurationList;
			buildConfigurations = (
				C6975BD619F43CFE00D0E171 /* Debug */,
				C6975BD719F43CFE00D0E171 /* Release */,
			);
			defaultConfigurationIsVisible = 0;
		};
/* End XCConfigurationList section */
	};
	rootObject = C6975BAB19F43CFE00D0E171 /* Project object */;
}
